// !$*UTF8*$!
{
	archiveVersion = 1;
	classes = {
	};
	objectVersion = 46;
	objects = {

/* Begin PBXBuildFile section */
		5F831F821F5E8A8B00901655 /* main.m in Sources */ = {isa = PBXBuildFile; fileRef = 5F831F811F5E8A8B00901655 /* main.m */; };
		5F831F851F5E8A8B00901655 /* AppDelegate.m in Sources */ = {isa = PBXBuildFile; fileRef = 5F831F841F5E8A8B00901655 /* AppDelegate.m */; };
		5F831F881F5E8A8B00901655 /* ViewController.m in Sources */ = {isa = PBXBuildFile; fileRef = 5F831F871F5E8A8B00901655 /* ViewController.m */; };
		5F831F8B1F5E8A8B00901655 /* Main.storyboard in Resources */ = {isa = PBXBuildFile; fileRef = 5F831F891F5E8A8B00901655 /* Main.storyboard */; };
		5F831F8D1F5E8A8B00901655 /* Assets.xcassets in Resources */ = {isa = PBXBuildFile; fileRef = 5F831F8C1F5E8A8B00901655 /* Assets.xcassets */; };
		5F831F901F5E8A8B00901655 /* LaunchScreen.storyboard in Resources */ = {isa = PBXBuildFile; fileRef = 5F831F8E1F5E8A8B00901655 /* LaunchScreen.storyboard */; };
		5F831F9B1F5E8A8B00901655 /* NavigationManagerUITests.m in Sources */ = {isa = PBXBuildFile; fileRef = 5F831F9A1F5E8A8B00901655 /* NavigationManagerUITests.m */; };
		5F831FA71F5E8AAF00901655 /* NavigationBarManager.m in Sources */ = {isa = PBXBuildFile; fileRef = 5F831FA61F5E8AAF00901655 /* NavigationBarManager.m */; };
		5F831FAC1F5E8B1C00901655 /* TTPSuspendView.m in Sources */ = {isa = PBXBuildFile; fileRef = 5F831FAA1F5E8B1C00901655 /* TTPSuspendView.m */; };
		5F831FAD1F5E8B1C00901655 /* TTPSuspendView.xib in Resources */ = {isa = PBXBuildFile; fileRef = 5F831FAB1F5E8B1C00901655 /* TTPSuspendView.xib */; };
		5F831FB01F5E8ED600901655 /* gradientVC.m in Sources */ = {isa = PBXBuildFile; fileRef = 5F831FAF1F5E8ED600901655 /* gradientVC.m */; };
		5F831FB31F5E8EE900901655 /* appearVC.m in Sources */ = {isa = PBXBuildFile; fileRef = 5F831FB21F5E8EE900901655 /* appearVC.m */; };
		5F831FB61F5E8F0200901655 /* translucentVC.m in Sources */ = {isa = PBXBuildFile; fileRef = 5F831FB51F5E8F0200901655 /* translucentVC.m */; };
		5F831FB91F5E8F2900901655 /* reverseVC.m in Sources */ = {isa = PBXBuildFile; fileRef = 5F831FB81F5E8F2900901655 /* reverseVC.m */; };
/* End PBXBuildFile section */

/* Begin PBXContainerItemProxy section */
		5F831F971F5E8A8B00901655 /* PBXContainerItemProxy */ = {
			isa = PBXContainerItemProxy;
			containerPortal = 5F831F751F5E8A8B00901655 /* Project object */;
			proxyType = 1;
			remoteGlobalIDString = 5F831F7C1F5E8A8B00901655;
			remoteInfo = NavigationManager;
		};
/* End PBXContainerItemProxy section */

/* Begin PBXFileReference section */
		5F831F7D1F5E8A8B00901655 /* NavigationManager.app */ = {isa = PBXFileReference; explicitFileType = wrapper.application; includeInIndex = 0; path = NavigationManager.app; sourceTree = BUILT_PRODUCTS_DIR; };
		5F831F811F5E8A8B00901655 /* main.m */ = {isa = PBXFileReference; lastKnownFileType = sourcecode.c.objc; path = main.m; sourceTree = "<group>"; };
		5F831F831F5E8A8B00901655 /* AppDelegate.h */ = {isa = PBXFileReference; lastKnownFileType = sourcecode.c.h; path = AppDelegate.h; sourceTree = "<group>"; };
		5F831F841F5E8A8B00901655 /* AppDelegate.m */ = {isa = PBXFileReference; lastKnownFileType = sourcecode.c.objc; path = AppDelegate.m; sourceTree = "<group>"; };
		5F831F861F5E8A8B00901655 /* ViewController.h */ = {isa = PBXFileReference; lastKnownFileType = sourcecode.c.h; path = ViewController.h; sourceTree = "<group>"; };
		5F831F871F5E8A8B00901655 /* ViewController.m */ = {isa = PBXFileReference; lastKnownFileType = sourcecode.c.objc; path = ViewController.m; sourceTree = "<group>"; };
		5F831F8A1F5E8A8B00901655 /* Base */ = {isa = PBXFileReference; lastKnownFileType = file.storyboard; name = Base; path = Base.lproj/Main.storyboard; sourceTree = "<group>"; };
		5F831F8C1F5E8A8B00901655 /* Assets.xcassets */ = {isa = PBXFileReference; lastKnownFileType = folder.assetcatalog; path = Assets.xcassets; sourceTree = "<group>"; };
		5F831F8F1F5E8A8B00901655 /* Base */ = {isa = PBXFileReference; lastKnownFileType = file.storyboard; name = Base; path = Base.lproj/LaunchScreen.storyboard; sourceTree = "<group>"; };
		5F831F911F5E8A8B00901655 /* Info.plist */ = {isa = PBXFileReference; lastKnownFileType = text.plist.xml; path = Info.plist; sourceTree = "<group>"; };
		5F831F961F5E8A8B00901655 /* NavigationManagerUITests.xctest */ = {isa = PBXFileReference; explicitFileType = wrapper.cfbundle; includeInIndex = 0; path = NavigationManagerUITests.xctest; sourceTree = BUILT_PRODUCTS_DIR; };
		5F831F9A1F5E8A8B00901655 /* NavigationManagerUITests.m */ = {isa = PBXFileReference; lastKnownFileType = sourcecode.c.objc; path = NavigationManagerUITests.m; sourceTree = "<group>"; };
		5F831F9C1F5E8A8B00901655 /* Info.plist */ = {isa = PBXFileReference; lastKnownFileType = text.plist.xml; path = Info.plist; sourceTree = "<group>"; };
		5F831FA51F5E8AAF00901655 /* NavigationBarManager.h */ = {isa = PBXFileReference; fileEncoding = 4; lastKnownFileType = sourcecode.c.h; path = NavigationBarManager.h; sourceTree = "<group>"; };
		5F831FA61F5E8AAF00901655 /* NavigationBarManager.m */ = {isa = PBXFileReference; fileEncoding = 4; lastKnownFileType = sourcecode.c.objc; path = NavigationBarManager.m; sourceTree = "<group>"; };
		5F831FA91F5E8B1C00901655 /* TTPSuspendView.h */ = {isa = PBXFileReference; fileEncoding = 4; lastKnownFileType = sourcecode.c.h; path = TTPSuspendView.h; sourceTree = "<group>"; };
		5F831FAA1F5E8B1C00901655 /* TTPSuspendView.m */ = {isa = PBXFileReference; fileEncoding = 4; lastKnownFileType = sourcecode.c.objc; path = TTPSuspendView.m; sourceTree = "<group>"; };
		5F831FAB1F5E8B1C00901655 /* TTPSuspendView.xib */ = {isa = PBXFileReference; fileEncoding = 4; lastKnownFileType = file.xib; path = TTPSuspendView.xib; sourceTree = "<group>"; };
		5F831FAE1F5E8ED600901655 /* gradientVC.h */ = {isa = PBXFileReference; fileEncoding = 4; lastKnownFileType = sourcecode.c.h; path = gradientVC.h; sourceTree = "<group>"; };
		5F831FAF1F5E8ED600901655 /* gradientVC.m */ = {isa = PBXFileReference; fileEncoding = 4; lastKnownFileType = sourcecode.c.objc; path = gradientVC.m; sourceTree = "<group>"; };
		5F831FB11F5E8EE900901655 /* appearVC.h */ = {isa = PBXFileReference; fileEncoding = 4; lastKnownFileType = sourcecode.c.h; path = appearVC.h; sourceTree = "<group>"; };
		5F831FB21F5E8EE900901655 /* appearVC.m */ = {isa = PBXFileReference; fileEncoding = 4; lastKnownFileType = sourcecode.c.objc; path = appearVC.m; sourceTree = "<group>"; };
		5F831FB41F5E8F0200901655 /* translucentVC.h */ = {isa = PBXFileReference; fileEncoding = 4; lastKnownFileType = sourcecode.c.h; path = translucentVC.h; sourceTree = "<group>"; };
		5F831FB51F5E8F0200901655 /* translucentVC.m */ = {isa = PBXFileReference; fileEncoding = 4; lastKnownFileType = sourcecode.c.objc; path = translucentVC.m; sourceTree = "<group>"; };
		5F831FB71F5E8F2900901655 /* reverseVC.h */ = {isa = PBXFileReference; fileEncoding = 4; lastKnownFileType = sourcecode.c.h; path = reverseVC.h; sourceTree = "<group>"; };
		5F831FB81F5E8F2900901655 /* reverseVC.m */ = {isa = PBXFileReference; fileEncoding = 4; lastKnownFileType = sourcecode.c.objc; path = reverseVC.m; sourceTree = "<group>"; };
/* End PBXFileReference section */

/* Begin PBXFrameworksBuildPhase section */
		5F831F7A1F5E8A8B00901655 /* Frameworks */ = {
			isa = PBXFrameworksBuildPhase;
			buildActionMask = 2147483647;
			files = (
			);
			runOnlyForDeploymentPostprocessing = 0;
		};
		5F831F931F5E8A8B00901655 /* Frameworks */ = {
			isa = PBXFrameworksBuildPhase;
			buildActionMask = 2147483647;
			files = (
			);
			runOnlyForDeploymentPostprocessing = 0;
		};
/* End PBXFrameworksBuildPhase section */

/* Begin PBXGroup section */
		5F831F741F5E8A8B00901655 = {
			isa = PBXGroup;
			children = (
				5F831F7F1F5E8A8B00901655 /* NavigationManager */,
				5F831F991F5E8A8B00901655 /* NavigationManagerUITests */,
				5F831F7E1F5E8A8B00901655 /* Products */,
			);
			sourceTree = "<group>";
		};
		5F831F7E1F5E8A8B00901655 /* Products */ = {
			isa = PBXGroup;
			children = (
				5F831F7D1F5E8A8B00901655 /* NavigationManager.app */,
				5F831F961F5E8A8B00901655 /* NavigationManagerUITests.xctest */,
			);
			name = Products;
			sourceTree = "<group>";
		};
		5F831F7F1F5E8A8B00901655 /* NavigationManager */ = {
			isa = PBXGroup;
			children = (
				5F831F831F5E8A8B00901655 /* AppDelegate.h */,
				5F831F841F5E8A8B00901655 /* AppDelegate.m */,
				5F831F861F5E8A8B00901655 /* ViewController.h */,
				5F831F871F5E8A8B00901655 /* ViewController.m */,
				5F831FAE1F5E8ED600901655 /* gradientVC.h */,
				5F831FAF1F5E8ED600901655 /* gradientVC.m */,
				5F831FB11F5E8EE900901655 /* appearVC.h */,
				5F831FB21F5E8EE900901655 /* appearVC.m */,
				5F831FB41F5E8F0200901655 /* translucentVC.h */,
				5F831FB51F5E8F0200901655 /* translucentVC.m */,
				5F831FB71F5E8F2900901655 /* reverseVC.h */,
				5F831FB81F5E8F2900901655 /* reverseVC.m */,
				5F831FA51F5E8AAF00901655 /* NavigationBarManager.h */,
				5F831FA61F5E8AAF00901655 /* NavigationBarManager.m */,
				5F831FA81F5E8B1C00901655 /* View */,
				5F831F891F5E8A8B00901655 /* Main.storyboard */,
				5F831F8C1F5E8A8B00901655 /* Assets.xcassets */,
				5F831F8E1F5E8A8B00901655 /* LaunchScreen.storyboard */,
				5F831F911F5E8A8B00901655 /* Info.plist */,
				5F831F801F5E8A8B00901655 /* Supporting Files */,
			);
			path = NavigationManager;
			sourceTree = "<group>";
		};
		5F831F801F5E8A8B00901655 /* Supporting Files */ = {
			isa = PBXGroup;
			children = (
				5F831F811F5E8A8B00901655 /* main.m */,
			);
			name = "Supporting Files";
			sourceTree = "<group>";
		};
		5F831F991F5E8A8B00901655 /* NavigationManagerUITests */ = {
			isa = PBXGroup;
			children = (
				5F831F9A1F5E8A8B00901655 /* NavigationManagerUITests.m */,
				5F831F9C1F5E8A8B00901655 /* Info.plist */,
			);
			path = NavigationManagerUITests;
			sourceTree = "<group>";
		};
		5F831FA81F5E8B1C00901655 /* View */ = {
			isa = PBXGroup;
			children = (
				5F831FA91F5E8B1C00901655 /* TTPSuspendView.h */,
				5F831FAA1F5E8B1C00901655 /* TTPSuspendView.m */,
				5F831FAB1F5E8B1C00901655 /* TTPSuspendView.xib */,
			);
			path = View;
			sourceTree = "<group>";
		};
/* End PBXGroup section */

/* Begin PBXNativeTarget section */
		5F831F7C1F5E8A8B00901655 /* NavigationManager */ = {
			isa = PBXNativeTarget;
			buildConfigurationList = 5F831F9F1F5E8A8B00901655 /* Build configuration list for PBXNativeTarget "NavigationManager" */;
			buildPhases = (
				5F831F791F5E8A8B00901655 /* Sources */,
				5F831F7A1F5E8A8B00901655 /* Frameworks */,
				5F831F7B1F5E8A8B00901655 /* Resources */,
			);
			buildRules = (
			);
			dependencies = (
			);
			name = NavigationManager;
			productName = NavigationManager;
			productReference = 5F831F7D1F5E8A8B00901655 /* NavigationManager.app */;
			productType = "com.apple.product-type.application";
		};
		5F831F951F5E8A8B00901655 /* NavigationManagerUITests */ = {
			isa = PBXNativeTarget;
			buildConfigurationList = 5F831FA21F5E8A8B00901655 /* Build configuration list for PBXNativeTarget "NavigationManagerUITests" */;
			buildPhases = (
				5F831F921F5E8A8B00901655 /* Sources */,
				5F831F931F5E8A8B00901655 /* Frameworks */,
				5F831F941F5E8A8B00901655 /* Resources */,
			);
			buildRules = (
			);
			dependencies = (
				5F831F981F5E8A8B00901655 /* PBXTargetDependency */,
			);
			name = NavigationManagerUITests;
			productName = NavigationManagerUITests;
			productReference = 5F831F961F5E8A8B00901655 /* NavigationManagerUITests.xctest */;
			productType = "com.apple.product-type.bundle.ui-testing";
		};
/* End PBXNativeTarget section */

/* Begin PBXProject section */
		5F831F751F5E8A8B00901655 /* Project object */ = {
			isa = PBXProject;
			attributes = {
				LastUpgradeCheck = 0830;
				ORGANIZATIONNAME = Ttpai;
				TargetAttributes = {
					5F831F7C1F5E8A8B00901655 = {
						CreatedOnToolsVersion = 8.3.1;
						ProvisioningStyle = Automatic;
					};
					5F831F951F5E8A8B00901655 = {
						CreatedOnToolsVersion = 8.3.1;
						ProvisioningStyle = Automatic;
						TestTargetID = 5F831F7C1F5E8A8B00901655;
					};
				};
			};
			buildConfigurationList = 5F831F781F5E8A8B00901655 /* Build configuration list for PBXProject "NavigationManager" */;
			compatibilityVersion = "Xcode 3.2";
			developmentRegion = English;
			hasScannedForEncodings = 0;
			knownRegions = (
				en,
				Base,
			);
			mainGroup = 5F831F741F5E8A8B00901655;
			productRefGroup = 5F831F7E1F5E8A8B00901655 /* Products */;
			projectDirPath = "";
			projectRoot = "";
			targets = (
				5F831F7C1F5E8A8B00901655 /* NavigationManager */,
				5F831F951F5E8A8B00901655 /* NavigationManagerUITests */,
			);
		};
/* End PBXProject section */

/* Begin PBXResourcesBuildPhase section */
		5F831F7B1F5E8A8B00901655 /* Resources */ = {
			isa = PBXResourcesBuildPhase;
			buildActionMask = 2147483647;
			files = (
				5F831FAD1F5E8B1C00901655 /* TTPSuspendView.xib in Resources */,
				5F831F901F5E8A8B00901655 /* LaunchScreen.storyboard in Resources */,
				5F831F8D1F5E8A8B00901655 /* Assets.xcassets in Resources */,
				5F831F8B1F5E8A8B00901655 /* Main.storyboard in Resources */,
			);
			runOnlyForDeploymentPostprocessing = 0;
		};
		5F831F941F5E8A8B00901655 /* Resources */ = {
			isa = PBXResourcesBuildPhase;
			buildActionMask = 2147483647;
			files = (
			);
			runOnlyForDeploymentPostprocessing = 0;
		};
/* End PBXResourcesBuildPhase section */

/* Begin PBXSourcesBuildPhase section */
		5F831F791F5E8A8B00901655 /* Sources */ = {
			isa = PBXSourcesBuildPhase;
			buildActionMask = 2147483647;
			files = (
				5F831FAC1F5E8B1C00901655 /* TTPSuspendView.m in Sources */,
				5F831F881F5E8A8B00901655 /* ViewController.m in Sources */,
				5F831FA71F5E8AAF00901655 /* NavigationBarManager.m in Sources */,
				5F831F851F5E8A8B00901655 /* AppDelegate.m in Sources */,
				5F831FB91F5E8F2900901655 /* reverseVC.m in Sources */,
				5F831FB31F5E8EE900901655 /* appearVC.m in Sources */,
				5F831FB01F5E8ED600901655 /* gradientVC.m in Sources */,
				5F831FB61F5E8F0200901655 /* translucentVC.m in Sources */,
				5F831F821F5E8A8B00901655 /* main.m in Sources */,
			);
			runOnlyForDeploymentPostprocessing = 0;
		};
		5F831F921F5E8A8B00901655 /* Sources */ = {
			isa = PBXSourcesBuildPhase;
			buildActionMask = 2147483647;
			files = (
				5F831F9B1F5E8A8B00901655 /* NavigationManagerUITests.m in Sources */,
			);
			runOnlyForDeploymentPostprocessing = 0;
		};
/* End PBXSourcesBuildPhase section */

/* Begin PBXTargetDependency section */
		5F831F981F5E8A8B00901655 /* PBXTargetDependency */ = {
			isa = PBXTargetDependency;
			target = 5F831F7C1F5E8A8B00901655 /* NavigationManager */;
			targetProxy = 5F831F971F5E8A8B00901655 /* PBXContainerItemProxy */;
		};
/* End PBXTargetDependency section */

/* Begin PBXVariantGroup section */
		5F831F891F5E8A8B00901655 /* Main.storyboard */ = {
			isa = PBXVariantGroup;
			children = (
				5F831F8A1F5E8A8B00901655 /* Base */,
			);
			name = Main.storyboard;
			sourceTree = "<group>";
		};
		5F831F8E1F5E8A8B00901655 /* LaunchScreen.storyboard */ = {
			isa = PBXVariantGroup;
			children = (
				5F831F8F1F5E8A8B00901655 /* Base */,
			);
			name = LaunchScreen.storyboard;
			sourceTree = "<group>";
		};
/* End PBXVariantGroup section */

/* Begin XCBuildConfiguration section */
		5F831F9D1F5E8A8B00901655 /* Debug */ = {
			isa = XCBuildConfiguration;
			buildSettings = {
				ALWAYS_SEARCH_USER_PATHS = NO;
				CLANG_ANALYZER_NONNULL = YES;
				CLANG_ANALYZER_NUMBER_OBJECT_CONVERSION = YES_AGGRESSIVE;
				CLANG_CXX_LANGUAGE_STANDARD = "gnu++0x";
				CLANG_CXX_LIBRARY = "libc++";
				CLANG_ENABLE_MODULES = YES;
				CLANG_ENABLE_OBJC_ARC = YES;
				CLANG_WARN_BOOL_CONVERSION = YES;
				CLANG_WARN_CONSTANT_CONVERSION = YES;
				CLANG_WARN_DIRECT_OBJC_ISA_USAGE = YES_ERROR;
				CLANG_WARN_DOCUMENTATION_COMMENTS = YES;
				CLANG_WARN_EMPTY_BODY = YES;
				CLANG_WARN_ENUM_CONVERSION = YES;
				CLANG_WARN_INFINITE_RECURSION = YES;
				CLANG_WARN_INT_CONVERSION = YES;
				CLANG_WARN_OBJC_ROOT_CLASS = YES_ERROR;
				CLANG_WARN_SUSPICIOUS_MOVE = YES;
				CLANG_WARN_UNREACHABLE_CODE = YES;
				CLANG_WARN__DUPLICATE_METHOD_MATCH = YES;
				"CODE_SIGN_IDENTITY[sdk=iphoneos*]" = "iPhone Developer";
				COPY_PHASE_STRIP = NO;
				DEBUG_INFORMATION_FORMAT = dwarf;
				ENABLE_STRICT_OBJC_MSGSEND = YES;
				ENABLE_TESTABILITY = YES;
				GCC_C_LANGUAGE_STANDARD = gnu99;
				GCC_DYNAMIC_NO_PIC = NO;
				GCC_NO_COMMON_BLOCKS = YES;
				GCC_OPTIMIZATION_LEVEL = 0;
				GCC_PREPROCESSOR_DEFINITIONS = (
					"DEBUG=1",
					"$(inherited)",
				);
				GCC_WARN_64_TO_32_BIT_CONVERSION = YES;
				GCC_WARN_ABOUT_RETURN_TYPE = YES_ERROR;
				GCC_WARN_UNDECLARED_SELECTOR = YES;
				GCC_WARN_UNINITIALIZED_AUTOS = YES_AGGRESSIVE;
				GCC_WARN_UNUSED_FUNCTION = YES;
				GCC_WARN_UNUSED_VARIABLE = YES;
				IPHONEOS_DEPLOYMENT_TARGET = 10.3;
				MTL_ENABLE_DEBUG_INFO = YES;
				ONLY_ACTIVE_ARCH = YES;
				SDKROOT = iphoneos;
				TARGETED_DEVICE_FAMILY = "1,2";
			};
			name = Debug;
		};
		5F831F9E1F5E8A8B00901655 /* Release */ = {
			isa = XCBuildConfiguration;
			buildSettings = {
				ALWAYS_SEARCH_USER_PATHS = NO;
				CLANG_ANALYZER_NONNULL = YES;
				CLANG_ANALYZER_NUMBER_OBJECT_CONVERSION = YES_AGGRESSIVE;
				CLANG_CXX_LANGUAGE_STANDARD = "gnu++0x";
				CLANG_CXX_LIBRARY = "libc++";
				CLANG_ENABLE_MODULES = YES;
				CLANG_ENABLE_OBJC_ARC = YES;
				CLANG_WARN_BOOL_CONVERSION = YES;
				CLANG_WARN_CONSTANT_CONVERSION = YES;
				CLANG_WARN_DIRECT_OBJC_ISA_USAGE = YES_ERROR;
				CLANG_WARN_DOCUMENTATION_COMMENTS = YES;
				CLANG_WARN_EMPTY_BODY = YES;
				CLANG_WARN_ENUM_CONVERSION = YES;
				CLANG_WARN_INFINITE_RECURSION = YES;
				CLANG_WARN_INT_CONVERSION = YES;
				CLANG_WARN_OBJC_ROOT_CLASS = YES_ERROR;
				CLANG_WARN_SUSPICIOUS_MOVE = YES;
				CLANG_WARN_UNREACHABLE_CODE = YES;
				CLANG_WARN__DUPLICATE_METHOD_MATCH = YES;
				"CODE_SIGN_IDENTITY[sdk=iphoneos*]" = "iPhone Developer";
				COPY_PHASE_STRIP = NO;
				DEBUG_INFORMATION_FORMAT = "dwarf-with-dsym";
				ENABLE_NS_ASSERTIONS = NO;
				ENABLE_STRICT_OBJC_MSGSEND = YES;
				GCC_C_LANGUAGE_STANDARD = gnu99;
				GCC_NO_COMMON_BLOCKS = YES;
				GCC_WARN_64_TO_32_BIT_CONVERSION = YES;
				GCC_WARN_ABOUT_RETURN_TYPE = YES_ERROR;
				GCC_WARN_UNDECLARED_SELECTOR = YES;
				GCC_WARN_UNINITIALIZED_AUTOS = YES_AGGRESSIVE;
				GCC_WARN_UNUSED_FUNCTION = YES;
				GCC_WARN_UNUSED_VARIABLE = YES;
				IPHONEOS_DEPLOYMENT_TARGET = 10.3;
				MTL_ENABLE_DEBUG_INFO = NO;
				SDKROOT = iphoneos;
				TARGETED_DEVICE_FAMILY = "1,2";
				VALIDATE_PRODUCT = YES;
			};
			name = Release;
		};
		5F831FA01F5E8A8B00901655 /* Debug */ = {
			isa = XCBuildConfiguration;
			buildSettings = {
				ASSETCATALOG_COMPILER_APPICON_NAME = AppIcon;
				INFOPLIST_FILE = NavigationManager/Info.plist;
				LD_RUNPATH_SEARCH_PATHS = "$(inherited) @executable_path/Frameworks";
				PRODUCT_BUNDLE_IDENTIFIER = Ttpai.NavigationManager;
				PRODUCT_NAME = "$(TARGET_NAME)";
			};
			name = Debug;
		};
		5F831FA11F5E8A8B00901655 /* Release */ = {
			isa = XCBuildConfiguration;
			buildSettings = {
				ASSETCATALOG_COMPILER_APPICON_NAME = AppIcon;
				INFOPLIST_FILE = NavigationManager/Info.plist;
				LD_RUNPATH_SEARCH_PATHS = "$(inherited) @executable_path/Frameworks";
				PRODUCT_BUNDLE_IDENTIFIER = Ttpai.NavigationManager;
				PRODUCT_NAME = "$(TARGET_NAME)";
			};
			name = Release;
		};
		5F831FA31F5E8A8B00901655 /* Debug */ = {
			isa = XCBuildConfiguration;
			buildSettings = {
				INFOPLIST_FILE = NavigationManagerUITests/Info.plist;
				LD_RUNPATH_SEARCH_PATHS = "$(inherited) @executable_path/Frameworks @loader_path/Frameworks";
				PRODUCT_BUNDLE_IDENTIFIER = Ttpai.NavigationManagerUITests;
				PRODUCT_NAME = "$(TARGET_NAME)";
				TEST_TARGET_NAME = NavigationManager;
			};
			name = Debug;
		};
		5F831FA41F5E8A8B00901655 /* Release */ = {
			isa = XCBuildConfiguration;
			buildSettings = {
				INFOPLIST_FILE = NavigationManagerUITests/Info.plist;
				LD_RUNPATH_SEARCH_PATHS = "$(inherited) @executable_path/Frameworks @loader_path/Frameworks";
				PRODUCT_BUNDLE_IDENTIFIER = Ttpai.NavigationManagerUITests;
				PRODUCT_NAME = "$(TARGET_NAME)";
				TEST_TARGET_NAME = NavigationManager;
			};
			name = Release;
		};
/* End XCBuildConfiguration section */

/* Begin XCConfigurationList section */
		5F831F781F5E8A8B00901655 /* Build configuration list for PBXProject "NavigationManager" */ = {
			isa = XCConfigurationList;
			buildConfigurations = (
				5F831F9D1F5E8A8B00901655 /* Debug */,
				5F831F9E1F5E8A8B00901655 /* Release */,
			);
			defaultConfigurationIsVisible = 0;
			defaultConfigurationName = Release;
		};
		5F831F9F1F5E8A8B00901655 /* Build configuration list for PBXNativeTarget "NavigationManager" */ = {
			isa = XCConfigurationList;
			buildConfigurations = (
				5F831FA01F5E8A8B00901655 /* Debug */,
				5F831FA11F5E8A8B00901655 /* Release */,
			);
			defaultConfigurationIsVisible = 0;
		};
		5F831FA21F5E8A8B00901655 /* Build configuration list for PBXNativeTarget "NavigationManagerUITests" */ = {
			isa = XCConfigurationList;
			buildConfigurations = (
				5F831FA31F5E8A8B00901655 /* Debug */,
				5F831FA41F5E8A8B00901655 /* Release */,
			);
			defaultConfigurationIsVisible = 0;
		};
/* End XCConfigurationList section */
	};
	rootObject = 5F831F751F5E8A8B00901655 /* Project object */;
}
